
Microsoft Visual Studio Solution File, Format Version 12.00
# Visual Studio Version 17
VisualStudioVersion = 17.5.33414.496
MinimumVisualStudioVersion = 10.0.40219.1
Project("{FAE04EC0-301F-11D3-BF4B-00C04F79EFBC}") = "home-task-1", "home-task-1\home-task-1.csproj", "{F1C377FA-60F2-421F-93C1-FB18C8612589}"
EndProject
Global
	GlobalSection(SolutionConfigurationPlatforms) = preSolution
		Debug|Any CPU = Debug|Any CPU
		Release|Any CPU = Release|Any CPU
	EndGlobalSection
	GlobalSection(ProjectConfigurationPlatforms) = postSolution
		{F1C377FA-60F2-421F-93C1-FB18C8612589}.Debug|Any CPU.ActiveCfg = Debug|Any CPU
		{F1C377FA-60F2-421F-93C1-FB18C8612589}.Debug|Any CPU.Build.0 = Debug|Any CPU
		{F1C377FA-60F2-421F-93C1-FB18C8612589}.Release|Any CPU.ActiveCfg = Release|Any CPU
		{F1C377FA-60F2-421F-93C1-FB18C8612589}.Release|Any CPU.Build.0 = Release|Any CPU
	EndGlobalSection
	GlobalSection(SolutionProperties) = preSolution
		HideSolutionNode = FALSE
	EndGlobalSection
	GlobalSection(ExtensibilityGlobals) = postSolution
		SolutionGuid = {EFC86525-0A85-42E9-9201-4DEF29D4EE4B}
	EndGlobalSection
EndGlobal
